
Microsoft Visual Studio Solution File, Format Version 12.00
# Visual Studio Version 17
VisualStudioVersion = 17.8.34309.116
MinimumVisualStudioVersion = 10.0.40219.1
Project("{9A19103F-16F7-4668-BE54-9A1E7A4F7556}") = "Day_1_Trebuchet", "2023\Day_1_Trebuchet\Day_1_Trebuchet.csproj", "{445B239B-E209-4FB9-AA13-D9E01FB38691}"
EndProject
Project("{2150E333-8FDC-42A3-9474-1A3956D46DE8}") = "2023", "2023", "{198F8484-E105-45E1-A3A1-351E96470AD6}"
EndProject
Project("{9A19103F-16F7-4668-BE54-9A1E7A4F7556}") = "Day_2_Cube_Conundrum", "2023\Day_2_Cube_Conundrum\Day_2_Cube_Conundrum.csproj", "{BDC8B443-3A9C-496A-B4A0-9B47CBBE580A}"
EndProject
Project("{2150E333-8FDC-42A3-9474-1A3956D46DE8}") = "Solution Items", "Solution Items", "{B0918653-96E2-4C50-904A-6A130F6EBA92}"
	ProjectSection(SolutionItems) = preProject
		.gitignore = .gitignore
		README.md = README.md
	EndProjectSection
EndProject
Project("{9A19103F-16F7-4668-BE54-9A1E7A4F7556}") = "UnitTests", "UnitTests\UnitTests.csproj", "{9C895700-0258-4EC4-9092-374CB170A7EF}"
EndProject
Project("{9A19103F-16F7-4668-BE54-9A1E7A4F7556}") = "Day_3_Gear_Ratios", "2023\Day_3_Gear_Ratios\Day_3_Gear_Ratios.csproj", "{1A18F549-1F7D-491F-9A50-EE6FBB3811FE}"
EndProject
Project("{9A19103F-16F7-4668-BE54-9A1E7A4F7556}") = "Day_4_Scratchcards", "2023\Day_4_Scratchcards\Day_4_Scratchcards.csproj", "{F241E91A-42D5-47FC-89BB-206355BD159B}"
EndProject
Global
	GlobalSection(SolutionConfigurationPlatforms) = preSolution
		Debug|Any CPU = Debug|Any CPU
		Release|Any CPU = Release|Any CPU
	EndGlobalSection
	GlobalSection(ProjectConfigurationPlatforms) = postSolution
		{445B239B-E209-4FB9-AA13-D9E01FB38691}.Debug|Any CPU.ActiveCfg = Debug|Any CPU
		{445B239B-E209-4FB9-AA13-D9E01FB38691}.Debug|Any CPU.Build.0 = Debug|Any CPU
		{445B239B-E209-4FB9-AA13-D9E01FB38691}.Release|Any CPU.ActiveCfg = Release|Any CPU
		{445B239B-E209-4FB9-AA13-D9E01FB38691}.Release|Any CPU.Build.0 = Release|Any CPU
		{BDC8B443-3A9C-496A-B4A0-9B47CBBE580A}.Debug|Any CPU.ActiveCfg = Debug|Any CPU
		{BDC8B443-3A9C-496A-B4A0-9B47CBBE580A}.Debug|Any CPU.Build.0 = Debug|Any CPU
		{BDC8B443-3A9C-496A-B4A0-9B47CBBE580A}.Release|Any CPU.ActiveCfg = Release|Any CPU
		{BDC8B443-3A9C-496A-B4A0-9B47CBBE580A}.Release|Any CPU.Build.0 = Release|Any CPU
		{9C895700-0258-4EC4-9092-374CB170A7EF}.Debug|Any CPU.ActiveCfg = Debug|Any CPU
		{9C895700-0258-4EC4-9092-374CB170A7EF}.Debug|Any CPU.Build.0 = Debug|Any CPU
		{9C895700-0258-4EC4-9092-374CB170A7EF}.Release|Any CPU.ActiveCfg = Release|Any CPU
		{9C895700-0258-4EC4-9092-374CB170A7EF}.Release|Any CPU.Build.0 = Release|Any CPU
		{1A18F549-1F7D-491F-9A50-EE6FBB3811FE}.Debug|Any CPU.ActiveCfg = Debug|Any CPU
		{1A18F549-1F7D-491F-9A50-EE6FBB3811FE}.Debug|Any CPU.Build.0 = Debug|Any CPU
		{1A18F549-1F7D-491F-9A50-EE6FBB3811FE}.Release|Any CPU.ActiveCfg = Release|Any CPU
		{1A18F549-1F7D-491F-9A50-EE6FBB3811FE}.Release|Any CPU.Build.0 = Release|Any CPU
		{F241E91A-42D5-47FC-89BB-206355BD159B}.Debug|Any CPU.ActiveCfg = Debug|Any CPU
		{F241E91A-42D5-47FC-89BB-206355BD159B}.Debug|Any CPU.Build.0 = Debug|Any CPU
		{F241E91A-42D5-47FC-89BB-206355BD159B}.Release|Any CPU.ActiveCfg = Release|Any CPU
		{F241E91A-42D5-47FC-89BB-206355BD159B}.Release|Any CPU.Build.0 = Release|Any CPU
	EndGlobalSection
	GlobalSection(SolutionProperties) = preSolution
		HideSolutionNode = FALSE
	EndGlobalSection
	GlobalSection(NestedProjects) = preSolution
		{445B239B-E209-4FB9-AA13-D9E01FB38691} = {198F8484-E105-45E1-A3A1-351E96470AD6}
		{BDC8B443-3A9C-496A-B4A0-9B47CBBE580A} = {198F8484-E105-45E1-A3A1-351E96470AD6}
		{9C895700-0258-4EC4-9092-374CB170A7EF} = {198F8484-E105-45E1-A3A1-351E96470AD6}
		{1A18F549-1F7D-491F-9A50-EE6FBB3811FE} = {198F8484-E105-45E1-A3A1-351E96470AD6}
		{F241E91A-42D5-47FC-89BB-206355BD159B} = {198F8484-E105-45E1-A3A1-351E96470AD6}
	EndGlobalSection
	GlobalSection(ExtensibilityGlobals) = postSolution
		SolutionGuid = {A1965339-4C59-4E9E-8D52-5A5AFBB90623}
	EndGlobalSection
EndGlobal
